
Microsoft Visual Studio Solution File, Format Version 12.00
# Visual Studio 2012
Project("{F184B08F-C81C-45F6-A57F-5ABD9991F28F}") = "SPZ Video", "SPZ Video.vbproj", "{FB6904BB-A98D-4ED6-8A77-1C51AC67EA6A}"
EndProject
Global
	GlobalSection(SolutionConfigurationPlatforms) = preSolution
		Debug|x86 = Debug|x86
		Release|x86 = Release|x86
	EndGlobalSection
	GlobalSection(ProjectConfigurationPlatforms) = postSolution
		{FB6904BB-A98D-4ED6-8A77-1C51AC67EA6A}.Debug|x86.ActiveCfg = Debug|x86
		{FB6904BB-A98D-4ED6-8A77-1C51AC67EA6A}.Debug|x86.Build.0 = Debug|x86
		{FB6904BB-A98D-4ED6-8A77-1C51AC67EA6A}.Release|x86.ActiveCfg = Release|x86
		{FB6904BB-A98D-4ED6-8A77-1C51AC67EA6A}.Release|x86.Build.0 = Release|x86
	EndGlobalSection
	GlobalSection(SolutionProperties) = preSolution
		HideSolutionNode = FALSE
	EndGlobalSection
EndGlobal
